
Microsoft Visual Studio Solution File, Format Version 12.00
# Visual Studio Version 17
VisualStudioVersion = 17.0.31903.59
MinimumVisualStudioVersion = 10.0.40219.1
Project("{2150E333-8FDC-42A3-9474-1A3956D46DE8}") = "src", "src", "{A1B2C3D4-E5F6-7890-ABCD-EF1234567890}"
EndProject
Project("{2150E333-8FDC-42A3-9474-1A3956D46DE8}") = "tests", "tests", "{0AB3BF05-4346-4AA6-1389-037BE0695223}"
EndProject
Project("{2150E333-8FDC-42A3-9474-1A3956D46DE8}") = "Shared", "Shared", "{4F52FD11-658E-A102-6CD3-7D7C16FFA15B}"
EndProject
Project("{2150E333-8FDC-42A3-9474-1A3956D46DE8}") = "Services", "Services", "{5854FF58-B8C5-05C6-5BF2-ACE42193F22B}"
EndProject
Project("{2150E333-8FDC-42A3-9474-1A3956D46DE8}") = "Gateway", "Gateway", "{E7BDDBC6-9FD1-D1D7-ACD8-2C4F8E3D2461}"
EndProject
Project("{FAE04EC0-301F-11D3-BF4B-00C04F79EFBC}") = "TrueCode.Shared.Domain", "src\Shared\TrueCode.Shared.Domain\TrueCode.Shared.Domain.csproj", "{0876ADB8-0FC1-F2DE-F4A9-35896D8261C8}"
EndProject
Project("{FAE04EC0-301F-11D3-BF4B-00C04F79EFBC}") = "TrueCode.Shared.Infrastructure", "src\Shared\TrueCode.Shared.Infrastructure\TrueCode.Shared.Infrastructure.csproj", "{24DE1B68-892B-02C7-7124-18DCC4ADBFDA}"
EndProject
Project("{FAE04EC0-301F-11D3-BF4B-00C04F79EFBC}") = "TrueCode.User.Domain", "src\Services\User\TrueCode.User.Domain\TrueCode.User.Domain.csproj", "{175345BD-9B79-DB05-3261-A0F38B1CA3C0}"
EndProject
Project("{FAE04EC0-301F-11D3-BF4B-00C04F79EFBC}") = "TrueCode.User.Application", "src\Services\User\TrueCode.User.Application\TrueCode.User.Application.csproj", "{4ADABDAD-D9C5-F18D-98A0-427DEECE4B15}"
EndProject
Project("{FAE04EC0-301F-11D3-BF4B-00C04F79EFBC}") = "TrueCode.User.Infrastructure", "src\Services\User\TrueCode.User.Infrastructure\TrueCode.User.Infrastructure.csproj", "{FD7F1345-42DA-96D3-EFAF-F8F6ACF8E2BA}"
EndProject
Project("{FAE04EC0-301F-11D3-BF4B-00C04F79EFBC}") = "TrueCode.User.API", "src\Services\User\TrueCode.User.API\TrueCode.User.API.csproj", "{D6846E71-F3EA-C0BD-8B0E-5F4F9F15E701}"
EndProject
Project("{FAE04EC0-301F-11D3-BF4B-00C04F79EFBC}") = "TrueCode.Finance.Domain", "src\Services\Finance\TrueCode.Finance.Domain\TrueCode.Finance.Domain.csproj", "{7D3F7B4E-72A9-CD39-359C-06E4CA1A45FC}"
EndProject
Project("{FAE04EC0-301F-11D3-BF4B-00C04F79EFBC}") = "TrueCode.Finance.Application", "src\Services\Finance\TrueCode.Finance.Application\TrueCode.Finance.Application.csproj", "{1A6DD293-0819-8507-35F5-505AA8812675}"
EndProject
Project("{FAE04EC0-301F-11D3-BF4B-00C04F79EFBC}") = "TrueCode.Finance.Infrastructure", "src\Services\Finance\TrueCode.Finance.Infrastructure\TrueCode.Finance.Infrastructure.csproj", "{A45EC211-BBA5-3414-7F22-70897F90BE94}"
EndProject
Project("{FAE04EC0-301F-11D3-BF4B-00C04F79EFBC}") = "TrueCode.Finance.API", "src\Services\Finance\TrueCode.Finance.API\TrueCode.Finance.API.csproj", "{497AC03F-3B67-FD59-330B-FCEA389CF4BA}"
EndProject
Project("{FAE04EC0-301F-11D3-BF4B-00C04F79EFBC}") = "TrueCode.CurrencyUpdater", "src\Services\CurrencyUpdater\TrueCode.CurrencyUpdater.csproj", "{5C4E6254-9061-52EA-4F13-D1248EC4E8DE}"
EndProject
Project("{FAE04EC0-301F-11D3-BF4B-00C04F79EFBC}") = "TrueCode.DbMigrator", "src\Services\DbMigrator\TrueCode.DbMigrator.csproj", "{330B7F92-8357-C0F5-6D22-2737738D8C2F}"
EndProject
Project("{FAE04EC0-301F-11D3-BF4B-00C04F79EFBC}") = "TrueCode.Gateway", "src\Gateway\TrueCode.Gateway.csproj", "{005AEABE-E980-6DBA-E53C-14CAC33C8011}"
EndProject
Project("{FAE04EC0-301F-11D3-BF4B-00C04F79EFBC}") = "TrueCode.User.Tests", "tests\TrueCode.User.Tests\TrueCode.User.Tests.csproj", "{A71CCDB4-8304-293D-1A4B-1462BF4881B8}"
EndProject
Project("{FAE04EC0-301F-11D3-BF4B-00C04F79EFBC}") = "TrueCode.Finance.Tests", "tests\TrueCode.Finance.Tests\TrueCode.Finance.Tests.csproj", "{055354C5-895B-F922-88C5-B32CD11D8214}"
EndProject
Project("{2150E333-8FDC-42A3-9474-1A3956D46DE8}") = "Services", "Services", "{9FF7CF49-05F8-C390-1437-CEAFABD6FA4A}"
EndProject
Project("{2150E333-8FDC-42A3-9474-1A3956D46DE8}") = "User", "User", "{DBBDDF6E-F17A-0650-164F-CE6682C1F27D}"
EndProject
Project("{2150E333-8FDC-42A3-9474-1A3956D46DE8}") = "Finance", "Finance", "{E8FAF56A-247E-5482-58B0-5A9D87438F6A}"
EndProject
Project("{2150E333-8FDC-42A3-9474-1A3956D46DE8}") = "CurrencyUpdater", "CurrencyUpdater", "{C865B970-C651-5D93-0024-AB1404D926A7}"
EndProject
Project("{FAE04EC0-301F-11D3-BF4B-00C04F79EFBC}") = "TrueCode.CurrencyUpdater", "src\Services\CurrencyUpdater\TrueCode.CurrencyUpdater\TrueCode.CurrencyUpdater.csproj", "{D5C1F539-7845-44BA-B030-A910FE0BF381}"
EndProject
Project("{2150E333-8FDC-42A3-9474-1A3956D46DE8}") = "Gateway", "Gateway", "{8421327F-7CB7-C329-7349-23C58929E65B}"
EndProject
Project("{FAE04EC0-301F-11D3-BF4B-00C04F79EFBC}") = "TrueCode.Gateway", "src\Gateway\TrueCode.Gateway\TrueCode.Gateway.csproj", "{40C48448-9B71-4108-87B7-7B16B66231AA}"
EndProject
Project("{2150E333-8FDC-42A3-9474-1A3956D46DE8}") = "DbMigrator", "DbMigrator", "{B35A61E0-653B-C58F-841F-6BF3EAEF78F5}"
EndProject
Project("{FAE04EC0-301F-11D3-BF4B-00C04F79EFBC}") = "TrueCode.DbMigrator", "src\Services\DbMigrator\TrueCode.DbMigrator\TrueCode.DbMigrator.csproj", "{F75F4A75-F2C4-4BB9-9404-8A8570AF4BE1}"
EndProject
Global
	GlobalSection(SolutionConfigurationPlatforms) = preSolution
		Debug|Any CPU = Debug|Any CPU
		Debug|x64 = Debug|x64
		Debug|x86 = Debug|x86
		Release|Any CPU = Release|Any CPU
		Release|x64 = Release|x64
		Release|x86 = Release|x86
	EndGlobalSection
	GlobalSection(ProjectConfigurationPlatforms) = postSolution
		{0876ADB8-0FC1-F2DE-F4A9-35896D8261C8}.Debug|x64.ActiveCfg = Debug|Any CPU
		{0876ADB8-0FC1-F2DE-F4A9-35896D8261C8}.Debug|x64.Build.0 = Debug|Any CPU
		{0876ADB8-0FC1-F2DE-F4A9-35896D8261C8}.Debug|x86.ActiveCfg = Debug|Any CPU
		{0876ADB8-0FC1-F2DE-F4A9-35896D8261C8}.Debug|x86.Build.0 = Debug|Any CPU
		{0876ADB8-0FC1-F2DE-F4A9-35896D8261C8}.Release|x64.ActiveCfg = Release|Any CPU
		{0876ADB8-0FC1-F2DE-F4A9-35896D8261C8}.Release|x64.Build.0 = Release|Any CPU
		{0876ADB8-0FC1-F2DE-F4A9-35896D8261C8}.Release|x86.ActiveCfg = Release|Any CPU
		{0876ADB8-0FC1-F2DE-F4A9-35896D8261C8}.Release|x86.Build.0 = Release|Any CPU
		{24DE1B68-892B-02C7-7124-18DCC4ADBFDA}.Debug|x64.ActiveCfg = Debug|Any CPU
		{24DE1B68-892B-02C7-7124-18DCC4ADBFDA}.Debug|x64.Build.0 = Debug|Any CPU
		{24DE1B68-892B-02C7-7124-18DCC4ADBFDA}.Debug|x86.ActiveCfg = Debug|Any CPU
		{24DE1B68-892B-02C7-7124-18DCC4ADBFDA}.Debug|x86.Build.0 = Debug|Any CPU
		{24DE1B68-892B-02C7-7124-18DCC4ADBFDA}.Release|x64.ActiveCfg = Release|Any CPU
		{24DE1B68-892B-02C7-7124-18DCC4ADBFDA}.Release|x64.Build.0 = Release|Any CPU
		{24DE1B68-892B-02C7-7124-18DCC4ADBFDA}.Release|x86.ActiveCfg = Release|Any CPU
		{24DE1B68-892B-02C7-7124-18DCC4ADBFDA}.Release|x86.Build.0 = Release|Any CPU
		{175345BD-9B79-DB05-3261-A0F38B1CA3C0}.Debug|x64.ActiveCfg = Debug|Any CPU
		{175345BD-9B79-DB05-3261-A0F38B1CA3C0}.Debug|x64.Build.0 = Debug|Any CPU
		{175345BD-9B79-DB05-3261-A0F38B1CA3C0}.Debug|x86.ActiveCfg = Debug|Any CPU
		{175345BD-9B79-DB05-3261-A0F38B1CA3C0}.Debug|x86.Build.0 = Debug|Any CPU
		{175345BD-9B79-DB05-3261-A0F38B1CA3C0}.Release|x64.ActiveCfg = Release|Any CPU
		{175345BD-9B79-DB05-3261-A0F38B1CA3C0}.Release|x64.Build.0 = Release|Any CPU
		{175345BD-9B79-DB05-3261-A0F38B1CA3C0}.Release|x86.ActiveCfg = Release|Any CPU
		{175345BD-9B79-DB05-3261-A0F38B1CA3C0}.Release|x86.Build.0 = Release|Any CPU
		{4ADABDAD-D9C5-F18D-98A0-427DEECE4B15}.Debug|x64.ActiveCfg = Debug|Any CPU
		{4ADABDAD-D9C5-F18D-98A0-427DEECE4B15}.Debug|x64.Build.0 = Debug|Any CPU
		{4ADABDAD-D9C5-F18D-98A0-427DEECE4B15}.Debug|x86.ActiveCfg = Debug|Any CPU
		{4ADABDAD-D9C5-F18D-98A0-427DEECE4B15}.Debug|x86.Build.0 = Debug|Any CPU
		{4ADABDAD-D9C5-F18D-98A0-427DEECE4B15}.Release|x64.ActiveCfg = Release|Any CPU
		{4ADABDAD-D9C5-F18D-98A0-427DEECE4B15}.Release|x64.Build.0 = Release|Any CPU
		{4ADABDAD-D9C5-F18D-98A0-427DEECE4B15}.Release|x86.ActiveCfg = Release|Any CPU
		{4ADABDAD-D9C5-F18D-98A0-427DEECE4B15}.Release|x86.Build.0 = Release|Any CPU
		{FD7F1345-42DA-96D3-EFAF-F8F6ACF8E2BA}.Debug|x64.ActiveCfg = Debug|Any CPU
		{FD7F1345-42DA-96D3-EFAF-F8F6ACF8E2BA}.Debug|x64.Build.0 = Debug|Any CPU
		{FD7F1345-42DA-96D3-EFAF-F8F6ACF8E2BA}.Debug|x86.ActiveCfg = Debug|Any CPU
		{FD7F1345-42DA-96D3-EFAF-F8F6ACF8E2BA}.Debug|x86.Build.0 = Debug|Any CPU
		{FD7F1345-42DA-96D3-EFAF-F8F6ACF8E2BA}.Release|x64.ActiveCfg = Release|Any CPU
		{FD7F1345-42DA-96D3-EFAF-F8F6ACF8E2BA}.Release|x64.Build.0 = Release|Any CPU
		{FD7F1345-42DA-96D3-EFAF-F8F6ACF8E2BA}.Release|x86.ActiveCfg = Release|Any CPU
		{FD7F1345-42DA-96D3-EFAF-F8F6ACF8E2BA}.Release|x86.Build.0 = Release|Any CPU
		{D6846E71-F3EA-C0BD-8B0E-5F4F9F15E701}.Debug|x64.ActiveCfg = Debug|Any CPU
		{D6846E71-F3EA-C0BD-8B0E-5F4F9F15E701}.Debug|x64.Build.0 = Debug|Any CPU
		{D6846E71-F3EA-C0BD-8B0E-5F4F9F15E701}.Debug|x86.ActiveCfg = Debug|Any CPU
		{D6846E71-F3EA-C0BD-8B0E-5F4F9F15E701}.Debug|x86.Build.0 = Debug|Any CPU
		{D6846E71-F3EA-C0BD-8B0E-5F4F9F15E701}.Release|x64.ActiveCfg = Release|Any CPU
		{D6846E71-F3EA-C0BD-8B0E-5F4F9F15E701}.Release|x64.Build.0 = Release|Any CPU
		{D6846E71-F3EA-C0BD-8B0E-5F4F9F15E701}.Release|x86.ActiveCfg = Release|Any CPU
		{D6846E71-F3EA-C0BD-8B0E-5F4F9F15E701}.Release|x86.Build.0 = Release|Any CPU
		{7D3F7B4E-72A9-CD39-359C-06E4CA1A45FC}.Debug|x64.ActiveCfg = Debug|Any CPU
		{7D3F7B4E-72A9-CD39-359C-06E4CA1A45FC}.Debug|x64.Build.0 = Debug|Any CPU
		{7D3F7B4E-72A9-CD39-359C-06E4CA1A45FC}.Debug|x86.ActiveCfg = Debug|Any CPU
		{7D3F7B4E-72A9-CD39-359C-06E4CA1A45FC}.Debug|x86.Build.0 = Debug|Any CPU
		{7D3F7B4E-72A9-CD39-359C-06E4CA1A45FC}.Release|x64.ActiveCfg = Release|Any CPU
		{7D3F7B4E-72A9-CD39-359C-06E4CA1A45FC}.Release|x64.Build.0 = Release|Any CPU
		{7D3F7B4E-72A9-CD39-359C-06E4CA1A45FC}.Release|x86.ActiveCfg = Release|Any CPU
		{7D3F7B4E-72A9-CD39-359C-06E4CA1A45FC}.Release|x86.Build.0 = Release|Any CPU
		{1A6DD293-0819-8507-35F5-505AA8812675}.Debug|x64.ActiveCfg = Debug|Any CPU
		{1A6DD293-0819-8507-35F5-505AA8812675}.Debug|x64.Build.0 = Debug|Any CPU
		{1A6DD293-0819-8507-35F5-505AA8812675}.Debug|x86.ActiveCfg = Debug|Any CPU
		{1A6DD293-0819-8507-35F5-505AA8812675}.Debug|x86.Build.0 = Debug|Any CPU
		{1A6DD293-0819-8507-35F5-505AA8812675}.Release|x64.ActiveCfg = Release|Any CPU
		{1A6DD293-0819-8507-35F5-505AA8812675}.Release|x64.Build.0 = Release|Any CPU
		{1A6DD293-0819-8507-35F5-505AA8812675}.Release|x86.ActiveCfg = Release|Any CPU
		{1A6DD293-0819-8507-35F5-505AA8812675}.Release|x86.Build.0 = Release|Any CPU
		{A45EC211-BBA5-3414-7F22-70897F90BE94}.Debug|x64.ActiveCfg = Debug|Any CPU
		{A45EC211-BBA5-3414-7F22-70897F90BE94}.Debug|x64.Build.0 = Debug|Any CPU
		{A45EC211-BBA5-3414-7F22-70897F90BE94}.Debug|x86.ActiveCfg = Debug|Any CPU
		{A45EC211-BBA5-3414-7F22-70897F90BE94}.Debug|x86.Build.0 = Debug|Any CPU
		{A45EC211-BBA5-3414-7F22-70897F90BE94}.Release|x64.ActiveCfg = Release|Any CPU
		{A45EC211-BBA5-3414-7F22-70897F90BE94}.Release|x64.Build.0 = Release|Any CPU
		{A45EC211-BBA5-3414-7F22-70897F90BE94}.Release|x86.ActiveCfg = Release|Any CPU
		{A45EC211-BBA5-3414-7F22-70897F90BE94}.Release|x86.Build.0 = Release|Any CPU
		{497AC03F-3B67-FD59-330B-FCEA389CF4BA}.Debug|x64.ActiveCfg = Debug|Any CPU
		{497AC03F-3B67-FD59-330B-FCEA389CF4BA}.Debug|x64.Build.0 = Debug|Any CPU
		{497AC03F-3B67-FD59-330B-FCEA389CF4BA}.Debug|x86.ActiveCfg = Debug|Any CPU
		{497AC03F-3B67-FD59-330B-FCEA389CF4BA}.Debug|x86.Build.0 = Debug|Any CPU
		{497AC03F-3B67-FD59-330B-FCEA389CF4BA}.Release|x64.ActiveCfg = Release|Any CPU
		{497AC03F-3B67-FD59-330B-FCEA389CF4BA}.Release|x64.Build.0 = Release|Any CPU
		{497AC03F-3B67-FD59-330B-FCEA389CF4BA}.Release|x86.ActiveCfg = Release|Any CPU
		{497AC03F-3B67-FD59-330B-FCEA389CF4BA}.Release|x86.Build.0 = Release|Any CPU
		{5C4E6254-9061-52EA-4F13-D1248EC4E8DE}.Debug|x64.ActiveCfg = Debug|Any CPU
		{5C4E6254-9061-52EA-4F13-D1248EC4E8DE}.Debug|x64.Build.0 = Debug|Any CPU
		{5C4E6254-9061-52EA-4F13-D1248EC4E8DE}.Debug|x86.ActiveCfg = Debug|Any CPU
		{5C4E6254-9061-52EA-4F13-D1248EC4E8DE}.Debug|x86.Build.0 = Debug|Any CPU
		{5C4E6254-9061-52EA-4F13-D1248EC4E8DE}.Release|x64.ActiveCfg = Release|Any CPU
		{5C4E6254-9061-52EA-4F13-D1248EC4E8DE}.Release|x64.Build.0 = Release|Any CPU
		{5C4E6254-9061-52EA-4F13-D1248EC4E8DE}.Release|x86.ActiveCfg = Release|Any CPU
		{5C4E6254-9061-52EA-4F13-D1248EC4E8DE}.Release|x86.Build.0 = Release|Any CPU
		{330B7F92-8357-C0F5-6D22-2737738D8C2F}.Debug|x64.ActiveCfg = Debug|Any CPU
		{330B7F92-8357-C0F5-6D22-2737738D8C2F}.Debug|x64.Build.0 = Debug|Any CPU
		{330B7F92-8357-C0F5-6D22-2737738D8C2F}.Debug|x86.ActiveCfg = Debug|Any CPU
		{330B7F92-8357-C0F5-6D22-2737738D8C2F}.Debug|x86.Build.0 = Debug|Any CPU
		{330B7F92-8357-C0F5-6D22-2737738D8C2F}.Release|x64.ActiveCfg = Release|Any CPU
		{330B7F92-8357-C0F5-6D22-2737738D8C2F}.Release|x64.Build.0 = Release|Any CPU
		{330B7F92-8357-C0F5-6D22-2737738D8C2F}.Release|x86.ActiveCfg = Release|Any CPU
		{330B7F92-8357-C0F5-6D22-2737738D8C2F}.Release|x86.Build.0 = Release|Any CPU
		{005AEABE-E980-6DBA-E53C-14CAC33C8011}.Debug|x64.ActiveCfg = Debug|Any CPU
		{005AEABE-E980-6DBA-E53C-14CAC33C8011}.Debug|x64.Build.0 = Debug|Any CPU
		{005AEABE-E980-6DBA-E53C-14CAC33C8011}.Debug|x86.ActiveCfg = Debug|Any CPU
		{005AEABE-E980-6DBA-E53C-14CAC33C8011}.Debug|x86.Build.0 = Debug|Any CPU
		{005AEABE-E980-6DBA-E53C-14CAC33C8011}.Release|x64.ActiveCfg = Release|Any CPU
		{005AEABE-E980-6DBA-E53C-14CAC33C8011}.Release|x64.Build.0 = Release|Any CPU
		{005AEABE-E980-6DBA-E53C-14CAC33C8011}.Release|x86.ActiveCfg = Release|Any CPU
		{005AEABE-E980-6DBA-E53C-14CAC33C8011}.Release|x86.Build.0 = Release|Any CPU
		{A71CCDB4-8304-293D-1A4B-1462BF4881B8}.Debug|x64.ActiveCfg = Debug|Any CPU
		{A71CCDB4-8304-293D-1A4B-1462BF4881B8}.Debug|x64.Build.0 = Debug|Any CPU
		{A71CCDB4-8304-293D-1A4B-1462BF4881B8}.Debug|x86.ActiveCfg = Debug|Any CPU
		{A71CCDB4-8304-293D-1A4B-1462BF4881B8}.Debug|x86.Build.0 = Debug|Any CPU
		{A71CCDB4-8304-293D-1A4B-1462BF4881B8}.Release|x64.ActiveCfg = Release|Any CPU
		{A71CCDB4-8304-293D-1A4B-1462BF4881B8}.Release|x64.Build.0 = Release|Any CPU
		{A71CCDB4-8304-293D-1A4B-1462BF4881B8}.Release|x86.ActiveCfg = Release|Any CPU
		{A71CCDB4-8304-293D-1A4B-1462BF4881B8}.Release|x86.Build.0 = Release|Any CPU
		{055354C5-895B-F922-88C5-B32CD11D8214}.Debug|x64.ActiveCfg = Debug|Any CPU
		{055354C5-895B-F922-88C5-B32CD11D8214}.Debug|x64.Build.0 = Debug|Any CPU
		{055354C5-895B-F922-88C5-B32CD11D8214}.Debug|x86.ActiveCfg = Debug|Any CPU
		{055354C5-895B-F922-88C5-B32CD11D8214}.Debug|x86.Build.0 = Debug|Any CPU
		{055354C5-895B-F922-88C5-B32CD11D8214}.Release|x64.ActiveCfg = Release|Any CPU
		{055354C5-895B-F922-88C5-B32CD11D8214}.Release|x64.Build.0 = Release|Any CPU
		{055354C5-895B-F922-88C5-B32CD11D8214}.Release|x86.ActiveCfg = Release|Any CPU
		{055354C5-895B-F922-88C5-B32CD11D8214}.Release|x86.Build.0 = Release|Any CPU
		{D5C1F539-7845-44BA-B030-A910FE0BF381}.Debug|Any CPU.ActiveCfg = Debug|Any CPU
		{D5C1F539-7845-44BA-B030-A910FE0BF381}.Debug|Any CPU.Build.0 = Debug|Any CPU
		{D5C1F539-7845-44BA-B030-A910FE0BF381}.Debug|x64.ActiveCfg = Debug|Any CPU
		{D5C1F539-7845-44BA-B030-A910FE0BF381}.Debug|x64.Build.0 = Debug|Any CPU
		{D5C1F539-7845-44BA-B030-A910FE0BF381}.Debug|x86.ActiveCfg = Debug|Any CPU
		{D5C1F539-7845-44BA-B030-A910FE0BF381}.Debug|x86.Build.0 = Debug|Any CPU
		{D5C1F539-7845-44BA-B030-A910FE0BF381}.Release|Any CPU.ActiveCfg = Release|Any CPU
		{D5C1F539-7845-44BA-B030-A910FE0BF381}.Release|Any CPU.Build.0 = Release|Any CPU
		{D5C1F539-7845-44BA-B030-A910FE0BF381}.Release|x64.ActiveCfg = Release|Any CPU
		{D5C1F539-7845-44BA-B030-A910FE0BF381}.Release|x64.Build.0 = Release|Any CPU
		{D5C1F539-7845-44BA-B030-A910FE0BF381}.Release|x86.ActiveCfg = Release|Any CPU
		{D5C1F539-7845-44BA-B030-A910FE0BF381}.Release|x86.Build.0 = Release|Any CPU
		{40C48448-9B71-4108-87B7-7B16B66231AA}.Debug|Any CPU.ActiveCfg = Debug|Any CPU
		{40C48448-9B71-4108-87B7-7B16B66231AA}.Debug|Any CPU.Build.0 = Debug|Any CPU
		{40C48448-9B71-4108-87B7-7B16B66231AA}.Debug|x64.ActiveCfg = Debug|Any CPU
		{40C48448-9B71-4108-87B7-7B16B66231AA}.Debug|x64.Build.0 = Debug|Any CPU
		{40C48448-9B71-4108-87B7-7B16B66231AA}.Debug|x86.ActiveCfg = Debug|Any CPU
		{40C48448-9B71-4108-87B7-7B16B66231AA}.Debug|x86.Build.0 = Debug|Any CPU
		{40C48448-9B71-4108-87B7-7B16B66231AA}.Release|Any CPU.ActiveCfg = Release|Any CPU
		{40C48448-9B71-4108-87B7-7B16B66231AA}.Release|Any CPU.Build.0 = Release|Any CPU
		{40C48448-9B71-4108-87B7-7B16B66231AA}.Release|x64.ActiveCfg = Release|Any CPU
		{40C48448-9B71-4108-87B7-7B16B66231AA}.Release|x64.Build.0 = Release|Any CPU
		{40C48448-9B71-4108-87B7-7B16B66231AA}.Release|x86.ActiveCfg = Release|Any CPU
		{40C48448-9B71-4108-87B7-7B16B66231AA}.Release|x86.Build.0 = Release|Any CPU
		{F75F4A75-F2C4-4BB9-9404-8A8570AF4BE1}.Debug|Any CPU.ActiveCfg = Debug|Any CPU
		{F75F4A75-F2C4-4BB9-9404-8A8570AF4BE1}.Debug|Any CPU.Build.0 = Debug|Any CPU
		{F75F4A75-F2C4-4BB9-9404-8A8570AF4BE1}.Debug|x64.ActiveCfg = Debug|Any CPU
		{F75F4A75-F2C4-4BB9-9404-8A8570AF4BE1}.Debug|x64.Build.0 = Debug|Any CPU
		{F75F4A75-F2C4-4BB9-9404-8A8570AF4BE1}.Debug|x86.ActiveCfg = Debug|Any CPU
		{F75F4A75-F2C4-4BB9-9404-8A8570AF4BE1}.Debug|x86.Build.0 = Debug|Any CPU
		{F75F4A75-F2C4-4BB9-9404-8A8570AF4BE1}.Release|Any CPU.ActiveCfg = Release|Any CPU
		{F75F4A75-F2C4-4BB9-9404-8A8570AF4BE1}.Release|Any CPU.Build.0 = Release|Any CPU
		{F75F4A75-F2C4-4BB9-9404-8A8570AF4BE1}.Release|x64.ActiveCfg = Release|Any CPU
		{F75F4A75-F2C4-4BB9-9404-8A8570AF4BE1}.Release|x64.Build.0 = Release|Any CPU
		{F75F4A75-F2C4-4BB9-9404-8A8570AF4BE1}.Release|x86.ActiveCfg = Release|Any CPU
		{F75F4A75-F2C4-4BB9-9404-8A8570AF4BE1}.Release|x86.Build.0 = Release|Any CPU
	EndGlobalSection
	GlobalSection(SolutionProperties) = preSolution
		HideSolutionNode = FALSE
	EndGlobalSection
	GlobalSection(NestedProjects) = preSolution
		{9FF7CF49-05F8-C390-1437-CEAFABD6FA4A} = {A1B2C3D4-E5F6-7890-ABCD-EF1234567890}
		{DBBDDF6E-F17A-0650-164F-CE6682C1F27D} = {9FF7CF49-05F8-C390-1437-CEAFABD6FA4A}
		{E8FAF56A-247E-5482-58B0-5A9D87438F6A} = {9FF7CF49-05F8-C390-1437-CEAFABD6FA4A}
		{C865B970-C651-5D93-0024-AB1404D926A7} = {9FF7CF49-05F8-C390-1437-CEAFABD6FA4A}
		{D5C1F539-7845-44BA-B030-A910FE0BF381} = {C865B970-C651-5D93-0024-AB1404D926A7}
		{8421327F-7CB7-C329-7349-23C58929E65B} = {A1B2C3D4-E5F6-7890-ABCD-EF1234567890}
		{40C48448-9B71-4108-87B7-7B16B66231AA} = {8421327F-7CB7-C329-7349-23C58929E65B}
		{B35A61E0-653B-C58F-841F-6BF3EAEF78F5} = {9FF7CF49-05F8-C390-1437-CEAFABD6FA4A}
		{F75F4A75-F2C4-4BB9-9404-8A8570AF4BE1} = {B35A61E0-653B-C58F-841F-6BF3EAEF78F5}
	EndGlobalSection
EndGlobal
